
Microsoft Visual Studio Solution File, Format Version 12.00
# Visual Studio 2013
VisualStudioVersion = 12.0.21005.1
MinimumVisualStudioVersion = 10.0.40219.1
Project("{FAE04EC0-301F-11D3-BF4B-00C04F79EFBC}") = "trxCheck", "trxCheck\trxCheck.csproj", "{6EF423F6-E9A6-4A35-9566-9EC97F4A2C59}"
EndProject
Project("{FAE04EC0-301F-11D3-BF4B-00C04F79EFBC}") = "TRX.DAL", "TRX.DAL\TRX.DAL.csproj", "{09A3D09B-56CA-40FD-934E-C2F1534F2934}"
EndProject
Project("{FAE04EC0-301F-11D3-BF4B-00C04F79EFBC}") = "TRX.DAO", "TRX.DAO\TRX.DAO.csproj", "{754183D4-8F84-411C-9553-891691F5C895}"
EndProject
Global
	GlobalSection(SolutionConfigurationPlatforms) = preSolution
		Debug|Any CPU = Debug|Any CPU
		Release|Any CPU = Release|Any CPU
	EndGlobalSection
	GlobalSection(ProjectConfigurationPlatforms) = postSolution
		{6EF423F6-E9A6-4A35-9566-9EC97F4A2C59}.Debug|Any CPU.ActiveCfg = Debug|Any CPU
		{6EF423F6-E9A6-4A35-9566-9EC97F4A2C59}.Debug|Any CPU.Build.0 = Debug|Any CPU
		{6EF423F6-E9A6-4A35-9566-9EC97F4A2C59}.Release|Any CPU.ActiveCfg = Release|Any CPU
		{6EF423F6-E9A6-4A35-9566-9EC97F4A2C59}.Release|Any CPU.Build.0 = Release|Any CPU
		{09A3D09B-56CA-40FD-934E-C2F1534F2934}.Debug|Any CPU.ActiveCfg = Debug|Any CPU
		{09A3D09B-56CA-40FD-934E-C2F1534F2934}.Debug|Any CPU.Build.0 = Debug|Any CPU
		{09A3D09B-56CA-40FD-934E-C2F1534F2934}.Release|Any CPU.ActiveCfg = Release|Any CPU
		{09A3D09B-56CA-40FD-934E-C2F1534F2934}.Release|Any CPU.Build.0 = Release|Any CPU
		{754183D4-8F84-411C-9553-891691F5C895}.Debug|Any CPU.ActiveCfg = Debug|Any CPU
		{754183D4-8F84-411C-9553-891691F5C895}.Debug|Any CPU.Build.0 = Debug|Any CPU
		{754183D4-8F84-411C-9553-891691F5C895}.Release|Any CPU.ActiveCfg = Release|Any CPU
		{754183D4-8F84-411C-9553-891691F5C895}.Release|Any CPU.Build.0 = Release|Any CPU
	EndGlobalSection
	GlobalSection(SolutionProperties) = preSolution
		HideSolutionNode = FALSE
	EndGlobalSection
EndGlobal
